// !$*UTF8*$!
{
	archiveVersion = 1;
	classes = {
	};
	objectVersion = 46;
	objects = {

/* Begin PBXBuildFile section */
		EEF6A32919B7E8ED00D04F3E /* Foundation.framework in Frameworks */ = {isa = PBXBuildFile; fileRef = EEF6A32819B7E8ED00D04F3E /* Foundation.framework */; };
		EEF6A32E19B7E8ED00D04F3E /* GNKeyboardAwareScrollView.h in CopyFiles */ = {isa = PBXBuildFile; fileRef = EEF6A32D19B7E8ED00D04F3E /* GNKeyboardAwareScrollView.h */; };
		EEF6A33019B7E8ED00D04F3E /* GNKeyboardAwareScrollView.m in Sources */ = {isa = PBXBuildFile; fileRef = EEF6A32F19B7E8ED00D04F3E /* GNKeyboardAwareScrollView.m */; };
		EEF6A33719B7E8ED00D04F3E /* XCTest.framework in Frameworks */ = {isa = PBXBuildFile; fileRef = EEF6A33619B7E8ED00D04F3E /* XCTest.framework */; };
		EEF6A33819B7E8ED00D04F3E /* Foundation.framework in Frameworks */ = {isa = PBXBuildFile; fileRef = EEF6A32819B7E8ED00D04F3E /* Foundation.framework */; };
		EEF6A33A19B7E8ED00D04F3E /* UIKit.framework in Frameworks */ = {isa = PBXBuildFile; fileRef = EEF6A33919B7E8ED00D04F3E /* UIKit.framework */; };
		EEF6A33D19B7E8ED00D04F3E /* libGNKeyboardAwareScrollView.a in Frameworks */ = {isa = PBXBuildFile; fileRef = EEF6A32519B7E8ED00D04F3E /* libGNKeyboardAwareScrollView.a */; };
		EEF6A34319B7E8ED00D04F3E /* InfoPlist.strings in Resources */ = {isa = PBXBuildFile; fileRef = EEF6A34119B7E8ED00D04F3E /* InfoPlist.strings */; };
		EEF6A34519B7E8ED00D04F3E /* GNKeyboardAwareScrollViewTests.m in Sources */ = {isa = PBXBuildFile; fileRef = EEF6A34419B7E8ED00D04F3E /* GNKeyboardAwareScrollViewTests.m */; };
/* End PBXBuildFile section */

/* Begin PBXContainerItemProxy section */
		EEF6A33B19B7E8ED00D04F3E /* PBXContainerItemProxy */ = {
			isa = PBXContainerItemProxy;
			containerPortal = EEF6A31D19B7E8ED00D04F3E /* Project object */;
			proxyType = 1;
			remoteGlobalIDString = EEF6A32419B7E8ED00D04F3E;
			remoteInfo = GNKeyboardAwareScrollView;
		};
/* End PBXContainerItemProxy section */

/* Begin PBXCopyFilesBuildPhase section */
		EEF6A32319B7E8ED00D04F3E /* CopyFiles */ = {
			isa = PBXCopyFilesBuildPhase;
			buildActionMask = 2147483647;
			dstPath = "include/$(PRODUCT_NAME)";
			dstSubfolderSpec = 16;
			files = (
				EEF6A32E19B7E8ED00D04F3E /* GNKeyboardAwareScrollView.h in CopyFiles */,
			);
			runOnlyForDeploymentPostprocessing = 0;
		};
/* End PBXCopyFilesBuildPhase section */

/* Begin PBXFileReference section */
		EEF6A32519B7E8ED00D04F3E /* libGNKeyboardAwareScrollView.a */ = {isa = PBXFileReference; explicitFileType = archive.ar; includeInIndex = 0; path = libGNKeyboardAwareScrollView.a; sourceTree = BUILT_PRODUCTS_DIR; };
		EEF6A32819B7E8ED00D04F3E /* Foundation.framework */ = {isa = PBXFileReference; lastKnownFileType = wrapper.framework; name = Foundation.framework; path = System/Library/Frameworks/Foundation.framework; sourceTree = SDKROOT; };
		EEF6A32C19B7E8ED00D04F3E /* GNKeyboardAwareScrollView-Prefix.pch */ = {isa = PBXFileReference; lastKnownFileType = sourcecode.c.h; path = "GNKeyboardAwareScrollView-Prefix.pch"; sourceTree = "<group>"; };
		EEF6A32D19B7E8ED00D04F3E /* GNKeyboardAwareScrollView.h */ = {isa = PBXFileReference; lastKnownFileType = sourcecode.c.h; path = GNKeyboardAwareScrollView.h; sourceTree = "<group>"; };
		EEF6A32F19B7E8ED00D04F3E /* GNKeyboardAwareScrollView.m */ = {isa = PBXFileReference; lastKnownFileType = sourcecode.c.objc; path = GNKeyboardAwareScrollView.m; sourceTree = "<group>"; };
		EEF6A33519B7E8ED00D04F3E /* GNKeyboardAwareScrollViewTests.xctest */ = {isa = PBXFileReference; explicitFileType = wrapper.cfbundle; includeInIndex = 0; path = GNKeyboardAwareScrollViewTests.xctest; sourceTree = BUILT_PRODUCTS_DIR; };
		EEF6A33619B7E8ED00D04F3E /* XCTest.framework */ = {isa = PBXFileReference; lastKnownFileType = wrapper.framework; name = XCTest.framework; path = Library/Frameworks/XCTest.framework; sourceTree = DEVELOPER_DIR; };
		EEF6A33919B7E8ED00D04F3E /* UIKit.framework */ = {isa = PBXFileReference; lastKnownFileType = wrapper.framework; name = UIKit.framework; path = Library/Frameworks/UIKit.framework; sourceTree = DEVELOPER_DIR; };
		EEF6A34019B7E8ED00D04F3E /* GNKeyboardAwareScrollViewTests-Info.plist */ = {isa = PBXFileReference; lastKnownFileType = text.plist.xml; path = "GNKeyboardAwareScrollViewTests-Info.plist"; sourceTree = "<group>"; };
		EEF6A34219B7E8ED00D04F3E /* en */ = {isa = PBXFileReference; lastKnownFileType = text.plist.strings; name = en; path = en.lproj/InfoPlist.strings; sourceTree = "<group>"; };
		EEF6A34419B7E8ED00D04F3E /* GNKeyboardAwareScrollViewTests.m */ = {isa = PBXFileReference; lastKnownFileType = sourcecode.c.objc; path = GNKeyboardAwareScrollViewTests.m; sourceTree = "<group>"; };
/* End PBXFileReference section */

/* Begin PBXFrameworksBuildPhase section */
		EEF6A32219B7E8ED00D04F3E /* Frameworks */ = {
			isa = PBXFrameworksBuildPhase;
			buildActionMask = 2147483647;
			files = (
				EEF6A32919B7E8ED00D04F3E /* Foundation.framework in Frameworks */,
			);
			runOnlyForDeploymentPostprocessing = 0;
		};
		EEF6A33219B7E8ED00D04F3E /* Frameworks */ = {
			isa = PBXFrameworksBuildPhase;
			buildActionMask = 2147483647;
			files = (
				EEF6A33D19B7E8ED00D04F3E /* libGNKeyboardAwareScrollView.a in Frameworks */,
				EEF6A33719B7E8ED00D04F3E /* XCTest.framework in Frameworks */,
				EEF6A33A19B7E8ED00D04F3E /* UIKit.framework in Frameworks */,
				EEF6A33819B7E8ED00D04F3E /* Foundation.framework in Frameworks */,
			);
			runOnlyForDeploymentPostprocessing = 0;
		};
/* End PBXFrameworksBuildPhase section */

/* Begin PBXGroup section */
		EEF6A31C19B7E8ED00D04F3E = {
			isa = PBXGroup;
			children = (
				EEF6A32A19B7E8ED00D04F3E /* GNKeyboardAwareScrollView */,
				EEF6A33E19B7E8ED00D04F3E /* GNKeyboardAwareScrollViewTests */,
				EEF6A32719B7E8ED00D04F3E /* Frameworks */,
				EEF6A32619B7E8ED00D04F3E /* Products */,
			);
			sourceTree = "<group>";
		};
		EEF6A32619B7E8ED00D04F3E /* Products */ = {
			isa = PBXGroup;
			children = (
				EEF6A32519B7E8ED00D04F3E /* libGNKeyboardAwareScrollView.a */,
				EEF6A33519B7E8ED00D04F3E /* GNKeyboardAwareScrollViewTests.xctest */,
			);
			name = Products;
			sourceTree = "<group>";
		};
		EEF6A32719B7E8ED00D04F3E /* Frameworks */ = {
			isa = PBXGroup;
			children = (
				EEF6A32819B7E8ED00D04F3E /* Foundation.framework */,
				EEF6A33619B7E8ED00D04F3E /* XCTest.framework */,
				EEF6A33919B7E8ED00D04F3E /* UIKit.framework */,
			);
			name = Frameworks;
			sourceTree = "<group>";
		};
		EEF6A32A19B7E8ED00D04F3E /* GNKeyboardAwareScrollView */ = {
			isa = PBXGroup;
			children = (
				EEF6A32D19B7E8ED00D04F3E /* GNKeyboardAwareScrollView.h */,
				EEF6A32F19B7E8ED00D04F3E /* GNKeyboardAwareScrollView.m */,
				EEF6A32B19B7E8ED00D04F3E /* Supporting Files */,
			);
			path = GNKeyboardAwareScrollView;
			sourceTree = "<group>";
		};
		EEF6A32B19B7E8ED00D04F3E /* Supporting Files */ = {
			isa = PBXGroup;
			children = (
				EEF6A32C19B7E8ED00D04F3E /* GNKeyboardAwareScrollView-Prefix.pch */,
			);
			name = "Supporting Files";
			sourceTree = "<group>";
		};
		EEF6A33E19B7E8ED00D04F3E /* GNKeyboardAwareScrollViewTests */ = {
			isa = PBXGroup;
			children = (
				EEF6A34419B7E8ED00D04F3E /* GNKeyboardAwareScrollViewTests.m */,
				EEF6A33F19B7E8ED00D04F3E /* Supporting Files */,
			);
			path = GNKeyboardAwareScrollViewTests;
			sourceTree = "<group>";
		};
		EEF6A33F19B7E8ED00D04F3E /* Supporting Files */ = {
			isa = PBXGroup;
			children = (
				EEF6A34019B7E8ED00D04F3E /* GNKeyboardAwareScrollViewTests-Info.plist */,
				EEF6A34119B7E8ED00D04F3E /* InfoPlist.strings */,
			);
			name = "Supporting Files";
			sourceTree = "<group>";
		};
/* End PBXGroup section */

/* Begin PBXNativeTarget section */
		EEF6A32419B7E8ED00D04F3E /* GNKeyboardAwareScrollView */ = {
			isa = PBXNativeTarget;
			buildConfigurationList = EEF6A34819B7E8ED00D04F3E /* Build configuration list for PBXNativeTarget "GNKeyboardAwareScrollView" */;
			buildPhases = (
				EEF6A32119B7E8ED00D04F3E /* Sources */,
				EEF6A32219B7E8ED00D04F3E /* Frameworks */,
				EEF6A32319B7E8ED00D04F3E /* CopyFiles */,
			);
			buildRules = (
			);
			dependencies = (
			);
			name = GNKeyboardAwareScrollView;
			productName = GNKeyboardAwareScrollView;
			productReference = EEF6A32519B7E8ED00D04F3E /* libGNKeyboardAwareScrollView.a */;
			productType = "com.apple.product-type.library.static";
		};
		EEF6A33419B7E8ED00D04F3E /* GNKeyboardAwareScrollViewTests */ = {
			isa = PBXNativeTarget;
			buildConfigurationList = EEF6A34B19B7E8ED00D04F3E /* Build configuration list for PBXNativeTarget "GNKeyboardAwareScrollViewTests" */;
			buildPhases = (
				EEF6A33119B7E8ED00D04F3E /* Sources */,
				EEF6A33219B7E8ED00D04F3E /* Frameworks */,
				EEF6A33319B7E8ED00D04F3E /* Resources */,
			);
			buildRules = (
			);
			dependencies = (
				EEF6A33C19B7E8ED00D04F3E /* PBXTargetDependency */,
			);
			name = GNKeyboardAwareScrollViewTests;
			productName = GNKeyboardAwareScrollViewTests;
			productReference = EEF6A33519B7E8ED00D04F3E /* GNKeyboardAwareScrollViewTests.xctest */;
			productType = "com.apple.product-type.bundle.unit-test";
		};
/* End PBXNativeTarget section */

/* Begin PBXProject section */
		EEF6A31D19B7E8ED00D04F3E /* Project object */ = {
			isa = PBXProject;
			attributes = {
				LastUpgradeCheck = 0510;
				ORGANIZATIONNAME = "Jakub Knejzlik";
			};
			buildConfigurationList = EEF6A32019B7E8ED00D04F3E /* Build configuration list for PBXProject "GNKeyboardAwareScrollView" */;
			compatibilityVersion = "Xcode 3.2";
			developmentRegion = English;
			hasScannedForEncodings = 0;
			knownRegions = (
				en,
			);
			mainGroup = EEF6A31C19B7E8ED00D04F3E;
			productRefGroup = EEF6A32619B7E8ED00D04F3E /* Products */;
			projectDirPath = "";
			projectRoot = "";
			targets = (
				EEF6A32419B7E8ED00D04F3E /* GNKeyboardAwareScrollView */,
				EEF6A33419B7E8ED00D04F3E /* GNKeyboardAwareScrollViewTests */,
			);
		};
/* End PBXProject section */

/* Begin PBXResourcesBuildPhase section */
		EEF6A33319B7E8ED00D04F3E /* Resources */ = {
			isa = PBXResourcesBuildPhase;
			buildActionMask = 2147483647;
			files = (
				EEF6A34319B7E8ED00D04F3E /* InfoPlist.strings in Resources */,
			);
			runOnlyForDeploymentPostprocessing = 0;
		};
/* End PBXResourcesBuildPhase section */

/* Begin PBXSourcesBuildPhase section */
		EEF6A32119B7E8ED00D04F3E /* Sources */ = {
			isa = PBXSourcesBuildPhase;
			buildActionMask = 2147483647;
			files = (
				EEF6A33019B7E8ED00D04F3E /* GNKeyboardAwareScrollView.m in Sources */,
			);
			runOnlyForDeploymentPostprocessing = 0;
		};
		EEF6A33119B7E8ED00D04F3E /* Sources */ = {
			isa = PBXSourcesBuildPhase;
			buildActionMask = 2147483647;
			files = (
				EEF6A34519B7E8ED00D04F3E /* GNKeyboardAwareScrollViewTests.m in Sources */,
			);
			runOnlyForDeploymentPostprocessing = 0;
		};
/* End PBXSourcesBuildPhase section */

/* Begin PBXTargetDependency section */
		EEF6A33C19B7E8ED00D04F3E /* PBXTargetDependency */ = {
			isa = PBXTargetDependency;
			target = EEF6A32419B7E8ED00D04F3E /* GNKeyboardAwareScrollView */;
			targetProxy = EEF6A33B19B7E8ED00D04F3E /* PBXContainerItemProxy */;
		};
/* End PBXTargetDependency section */

/* Begin PBXVariantGroup section */
		EEF6A34119B7E8ED00D04F3E /* InfoPlist.strings */ = {
			isa = PBXVariantGroup;
			children = (
				EEF6A34219B7E8ED00D04F3E /* en */,
			);
			name = InfoPlist.strings;
			sourceTree = "<group>";
		};
/* End PBXVariantGroup section */

/* Begin XCBuildConfiguration section */
		EEF6A34619B7E8ED00D04F3E /* Debug */ = {
			isa = XCBuildConfiguration;
			buildSettings = {
				ALWAYS_SEARCH_USER_PATHS = NO;
				CLANG_CXX_LANGUAGE_STANDARD = "gnu++0x";
				CLANG_CXX_LIBRARY = "libc++";
				CLANG_ENABLE_MODULES = YES;
				CLANG_ENABLE_OBJC_ARC = YES;
				CLANG_WARN_BOOL_CONVERSION = YES;
				CLANG_WARN_CONSTANT_CONVERSION = YES;
				CLANG_WARN_DIRECT_OBJC_ISA_USAGE = YES_ERROR;
				CLANG_WARN_EMPTY_BODY = YES;
				CLANG_WARN_ENUM_CONVERSION = YES;
				CLANG_WARN_INT_CONVERSION = YES;
				CLANG_WARN_OBJC_ROOT_CLASS = YES_ERROR;
				CLANG_WARN__DUPLICATE_METHOD_MATCH = YES;
				COPY_PHASE_STRIP = NO;
				GCC_C_LANGUAGE_STANDARD = gnu99;
				GCC_DYNAMIC_NO_PIC = NO;
				GCC_OPTIMIZATION_LEVEL = 0;
				GCC_PREPROCESSOR_DEFINITIONS = (
					"DEBUG=1",
					"$(inherited)",
				);
				GCC_SYMBOLS_PRIVATE_EXTERN = NO;
				GCC_WARN_64_TO_32_BIT_CONVERSION = YES;
				GCC_WARN_ABOUT_RETURN_TYPE = YES_ERROR;
				GCC_WARN_UNDECLARED_SELECTOR = YES;
				GCC_WARN_UNINITIALIZED_AUTOS = YES_AGGRESSIVE;
				GCC_WARN_UNUSED_FUNCTION = YES;
				GCC_WARN_UNUSED_VARIABLE = YES;
				IPHONEOS_DEPLOYMENT_TARGET = 7.1;
				ONLY_ACTIVE_ARCH = YES;
				SDKROOT = iphoneos;
			};
			name = Debug;
		};
		EEF6A34719B7E8ED00D04F3E /* Release */ = {
			isa = XCBuildConfiguration;
			buildSettings = {
				ALWAYS_SEARCH_USER_PATHS = NO;
				CLANG_CXX_LANGUAGE_STANDARD = "gnu++0x";
				CLANG_CXX_LIBRARY = "libc++";
				CLANG_ENABLE_MODULES = YES;
				CLANG_ENABLE_OBJC_ARC = YES;
				CLANG_WARN_BOOL_CONVERSION = YES;
				CLANG_WARN_CONSTANT_CONVERSION = YES;
				CLANG_WARN_DIRECT_OBJC_ISA_USAGE = YES_ERROR;
				CLANG_WARN_EMPTY_BODY = YES;
				CLANG_WARN_ENUM_CONVERSION = YES;
				CLANG_WARN_INT_CONVERSION = YES;
				CLANG_WARN_OBJC_ROOT_CLASS = YES_ERROR;
				CLANG_WARN__DUPLICATE_METHOD_MATCH = YES;
				COPY_PHASE_STRIP = YES;
				ENABLE_NS_ASSERTIONS = NO;
				GCC_C_LANGUAGE_STANDARD = gnu99;
				GCC_WARN_64_TO_32_BIT_CONVERSION = YES;
				GCC_WARN_ABOUT_RETURN_TYPE = YES_ERROR;
				GCC_WARN_UNDECLARED_SELECTOR = YES;
				GCC_WARN_UNINITIALIZED_AUTOS = YES_AGGRESSIVE;
				GCC_WARN_UNUSED_FUNCTION = YES;
				GCC_WARN_UNUSED_VARIABLE = YES;
				IPHONEOS_DEPLOYMENT_TARGET = 7.1;
				SDKROOT = iphoneos;
				VALIDATE_PRODUCT = YES;
			};
			name = Release;
		};
		EEF6A34919B7E8ED00D04F3E /* Debug */ = {
			isa = XCBuildConfiguration;
			buildSettings = {
				DSTROOT = /tmp/GNKeyboardAwareScrollView.dst;
				GCC_PRECOMPILE_PREFIX_HEADER = YES;
				GCC_PREFIX_HEADER = "GNKeyboardAwareScrollView/GNKeyboardAwareScrollView-Prefix.pch";
				OTHER_LDFLAGS = "-ObjC";
				PRODUCT_NAME = "$(TARGET_NAME)";
				SKIP_INSTALL = YES;
			};
			name = Debug;
		};
		EEF6A34A19B7E8ED00D04F3E /* Release */ = {
			isa = XCBuildConfiguration;
			buildSettings = {
				DSTROOT = /tmp/GNKeyboardAwareScrollView.dst;
				GCC_PRECOMPILE_PREFIX_HEADER = YES;
				GCC_PREFIX_HEADER = "GNKeyboardAwareScrollView/GNKeyboardAwareScrollView-Prefix.pch";
				OTHER_LDFLAGS = "-ObjC";
				PRODUCT_NAME = "$(TARGET_NAME)";
				SKIP_INSTALL = YES;
			};
			name = Release;
		};
		EEF6A34C19B7E8ED00D04F3E /* Debug */ = {
			isa = XCBuildConfiguration;
			buildSettings = {
				FRAMEWORK_SEARCH_PATHS = (
					"$(SDKROOT)/Developer/Library/Frameworks",
					"$(inherited)",
					"$(DEVELOPER_FRAMEWORKS_DIR)",
				);
				GCC_PRECOMPILE_PREFIX_HEADER = YES;
				GCC_PREFIX_HEADER = "GNKeyboardAwareScrollView/GNKeyboardAwareScrollView-Prefix.pch";
				GCC_PREPROCESSOR_DEFINITIONS = (
					"DEBUG=1",
					"$(inherited)",
				);
				INFOPLIST_FILE = "GNKeyboardAwareScrollViewTests/GNKeyboardAwareScrollViewTests-Info.plist";
				PRODUCT_NAME = "$(TARGET_NAME)";
				WRAPPER_EXTENSION = xctest;
			};
			name = Debug;
		};
		EEF6A34D19B7E8ED00D04F3E /* Release */ = {
			isa = XCBuildConfiguration;
			buildSettings = {
				FRAMEWORK_SEARCH_PATHS = (
					"$(SDKROOT)/Developer/Library/Frameworks",
					"$(inherited)",
					"$(DEVELOPER_FRAMEWORKS_DIR)",
				);
				GCC_PRECOMPILE_PREFIX_HEADER = YES;
				GCC_PREFIX_HEADER = "GNKeyboardAwareScrollView/GNKeyboardAwareScrollView-Prefix.pch";
				INFOPLIST_FILE = "GNKeyboardAwareScrollViewTests/GNKeyboardAwareScrollViewTests-Info.plist";
				PRODUCT_NAME = "$(TARGET_NAME)";
				WRAPPER_EXTENSION = xctest;
			};
			name = Release;
		};
/* End XCBuildConfiguration section */

/* Begin XCConfigurationList section */
		EEF6A32019B7E8ED00D04F3E /* Build configuration list for PBXProject "GNKeyboardAwareScrollView" */ = {
			isa = XCConfigurationList;
			buildConfigurations = (
				EEF6A34619B7E8ED00D04F3E /* Debug */,
				EEF6A34719B7E8ED00D04F3E /* Release */,
			);
			defaultConfigurationIsVisible = 0;
			defaultConfigurationName = Release;
		};
		EEF6A34819B7E8ED00D04F3E /* Build configuration list for PBXNativeTarget "GNKeyboardAwareScrollView" */ = {
			isa = XCConfigurationList;
			buildConfigurations = (
				EEF6A34919B7E8ED00D04F3E /* Debug */,
				EEF6A34A19B7E8ED00D04F3E /* Release */,
			);
			defaultConfigurationIsVisible = 0;
		};
		EEF6A34B19B7E8ED00D04F3E /* Build configuration list for PBXNativeTarget "GNKeyboardAwareScrollViewTests" */ = {
			isa = XCConfigurationList;
			buildConfigurations = (
				EEF6A34C19B7E8ED00D04F3E /* Debug */,
				EEF6A34D19B7E8ED00D04F3E /* Release */,
			);
			defaultConfigurationIsVisible = 0;
		};
/* End XCConfigurationList section */
	};
	rootObject = EEF6A31D19B7E8ED00D04F3E /* Project object */;
}
